
Microsoft Visual Studio Solution File, Format Version 12.00
# Visual Studio Version 17
VisualStudioVersion = 17.13.35806.99 d17.13
MinimumVisualStudioVersion = 10.0.40219.1
Project("{FAE04EC0-301F-11D3-BF4B-00C04F79EFBC}") = "PetiteMonitor-UserExtension_CS", "PetiteMonitor-UserExtension_CS\PetiteMonitor-UserExtension_CS.csproj", "{D335CE9A-69D4-4355-9113-65936E63C7B8}"
EndProject
Project("{888888A0-9F3D-457C-B088-3A5042F75D52}") = "PetiteMonitor-UserExtension_Py", "PetiteMonitor-UserExtension_Py\PetiteMonitor-UserExtension_Py.pyproj", "{77D8AC43-292C-4D56-B6B3-45652209D9A7}"
EndProject
Project("{8BC9CEB8-8B4A-11D0-8D11-00A0C91BC942}") = "PetiteMonitor-UserExtension_CPP", "PetiteMonitor-UserExtension_CPP\PetiteMonitor-UserExtension_CPP.vcxproj", "{085D189B-9999-4870-B3AC-63B8AA901A84}"
EndProject
Project("{2150E333-8FDC-42A3-9474-1A3956D46DE8}") = "ソリューション項目", "ソリューション項目", "{2022CB0F-8BAF-F49E-0C48-8EF4C96EC109}"
	ProjectSection(SolutionItems) = preProject
		README.md = README.md
	EndProjectSection
EndProject
Global
	GlobalSection(SolutionConfigurationPlatforms) = preSolution
		Debug|Any CPU = Debug|Any CPU
		Debug|x64 = Debug|x64
		Debug|x86 = Debug|x86
		Release|Any CPU = Release|Any CPU
		Release|x64 = Release|x64
		Release|x86 = Release|x86
	EndGlobalSection
	GlobalSection(ProjectConfigurationPlatforms) = postSolution
		{D335CE9A-69D4-4355-9113-65936E63C7B8}.Debug|Any CPU.ActiveCfg = Debug|Any CPU
		{D335CE9A-69D4-4355-9113-65936E63C7B8}.Debug|Any CPU.Build.0 = Debug|Any CPU
		{D335CE9A-69D4-4355-9113-65936E63C7B8}.Debug|x64.ActiveCfg = Debug|Any CPU
		{D335CE9A-69D4-4355-9113-65936E63C7B8}.Debug|x64.Build.0 = Debug|Any CPU
		{D335CE9A-69D4-4355-9113-65936E63C7B8}.Debug|x86.ActiveCfg = Debug|Any CPU
		{D335CE9A-69D4-4355-9113-65936E63C7B8}.Debug|x86.Build.0 = Debug|Any CPU
		{D335CE9A-69D4-4355-9113-65936E63C7B8}.Release|Any CPU.ActiveCfg = Release|Any CPU
		{D335CE9A-69D4-4355-9113-65936E63C7B8}.Release|Any CPU.Build.0 = Release|Any CPU
		{D335CE9A-69D4-4355-9113-65936E63C7B8}.Release|x64.ActiveCfg = Release|Any CPU
		{D335CE9A-69D4-4355-9113-65936E63C7B8}.Release|x64.Build.0 = Release|Any CPU
		{D335CE9A-69D4-4355-9113-65936E63C7B8}.Release|x86.ActiveCfg = Release|Any CPU
		{D335CE9A-69D4-4355-9113-65936E63C7B8}.Release|x86.Build.0 = Release|Any CPU
		{77D8AC43-292C-4D56-B6B3-45652209D9A7}.Debug|Any CPU.ActiveCfg = Debug|Any CPU
		{77D8AC43-292C-4D56-B6B3-45652209D9A7}.Debug|x64.ActiveCfg = Debug|Any CPU
		{77D8AC43-292C-4D56-B6B3-45652209D9A7}.Debug|x86.ActiveCfg = Debug|Any CPU
		{77D8AC43-292C-4D56-B6B3-45652209D9A7}.Release|Any CPU.ActiveCfg = Release|Any CPU
		{77D8AC43-292C-4D56-B6B3-45652209D9A7}.Release|x64.ActiveCfg = Release|Any CPU
		{77D8AC43-292C-4D56-B6B3-45652209D9A7}.Release|x86.ActiveCfg = Release|Any CPU
		{085D189B-9999-4870-B3AC-63B8AA901A84}.Debug|Any CPU.ActiveCfg = Debug|x64
		{085D189B-9999-4870-B3AC-63B8AA901A84}.Debug|Any CPU.Build.0 = Debug|x64
		{085D189B-9999-4870-B3AC-63B8AA901A84}.Debug|x64.ActiveCfg = Debug|x64
		{085D189B-9999-4870-B3AC-63B8AA901A84}.Debug|x64.Build.0 = Debug|x64
		{085D189B-9999-4870-B3AC-63B8AA901A84}.Debug|x86.ActiveCfg = Debug|Win32
		{085D189B-9999-4870-B3AC-63B8AA901A84}.Debug|x86.Build.0 = Debug|Win32
		{085D189B-9999-4870-B3AC-63B8AA901A84}.Release|Any CPU.ActiveCfg = Release|x64
		{085D189B-9999-4870-B3AC-63B8AA901A84}.Release|Any CPU.Build.0 = Release|x64
		{085D189B-9999-4870-B3AC-63B8AA901A84}.Release|x64.ActiveCfg = Release|x64
		{085D189B-9999-4870-B3AC-63B8AA901A84}.Release|x64.Build.0 = Release|x64
		{085D189B-9999-4870-B3AC-63B8AA901A84}.Release|x86.ActiveCfg = Release|Win32
		{085D189B-9999-4870-B3AC-63B8AA901A84}.Release|x86.Build.0 = Release|Win32
	EndGlobalSection
	GlobalSection(SolutionProperties) = preSolution
		HideSolutionNode = FALSE
	EndGlobalSection
	GlobalSection(ExtensibilityGlobals) = postSolution
		SolutionGuid = {8E216319-4045-4DB8-B5EA-F15F79EB6DF1}
	EndGlobalSection
EndGlobal
